
Microsoft Visual Studio Solution File, Format Version 12.00
# Visual Studio Version 17
VisualStudioVersion = 17.4.33213.308
MinimumVisualStudioVersion = 10.0.40219.1
Project("{FAE04EC0-301F-11D3-BF4B-00C04F79EFBC}") = "mission_6", "mission_6\mission_6.csproj", "{F8E4943D-5217-4516-B4CB-4AE34978FAAA}"
EndProject
Global
	GlobalSection(SolutionConfigurationPlatforms) = preSolution
		Debug|Any CPU = Debug|Any CPU
		Release|Any CPU = Release|Any CPU
	EndGlobalSection
	GlobalSection(ProjectConfigurationPlatforms) = postSolution
		{F8E4943D-5217-4516-B4CB-4AE34978FAAA}.Debug|Any CPU.ActiveCfg = Debug|Any CPU
		{F8E4943D-5217-4516-B4CB-4AE34978FAAA}.Debug|Any CPU.Build.0 = Debug|Any CPU
		{F8E4943D-5217-4516-B4CB-4AE34978FAAA}.Release|Any CPU.ActiveCfg = Release|Any CPU
		{F8E4943D-5217-4516-B4CB-4AE34978FAAA}.Release|Any CPU.Build.0 = Release|Any CPU
	EndGlobalSection
	GlobalSection(SolutionProperties) = preSolution
		HideSolutionNode = FALSE
	EndGlobalSection
	GlobalSection(ExtensibilityGlobals) = postSolution
		SolutionGuid = {B36BC905-3F9E-4D07-91BC-B7601D9CCEBF}
	EndGlobalSection
EndGlobal
